
Microsoft Visual Studio Solution File, Format Version 12.00
# Visual Studio Version 17
VisualStudioVersion = 17.10.35013.160
MinimumVisualStudioVersion = 10.0.40219.1
Project("{FAE04EC0-301F-11D3-BF4B-00C04F79EFBC}") = "multitrabajos-security", "multitrabajos-security\multitrabajos-security.csproj", "{200894CE-1A9C-47BF-A9B9-A9D787F82FBF}"
EndProject
Global
	GlobalSection(SolutionConfigurationPlatforms) = preSolution
		Debug|Any CPU = Debug|Any CPU
		Release|Any CPU = Release|Any CPU
	EndGlobalSection
	GlobalSection(ProjectConfigurationPlatforms) = postSolution
		{200894CE-1A9C-47BF-A9B9-A9D787F82FBF}.Debug|Any CPU.ActiveCfg = Debug|Any CPU
		{200894CE-1A9C-47BF-A9B9-A9D787F82FBF}.Debug|Any CPU.Build.0 = Debug|Any CPU
		{200894CE-1A9C-47BF-A9B9-A9D787F82FBF}.Release|Any CPU.ActiveCfg = Release|Any CPU
		{200894CE-1A9C-47BF-A9B9-A9D787F82FBF}.Release|Any CPU.Build.0 = Release|Any CPU
	EndGlobalSection
	GlobalSection(SolutionProperties) = preSolution
		HideSolutionNode = FALSE
	EndGlobalSection
	GlobalSection(ExtensibilityGlobals) = postSolution
		SolutionGuid = {5886D89B-9830-4B05-BF28-8C78C2C12F04}
	EndGlobalSection
EndGlobal
