
Microsoft Visual Studio Solution File, Format Version 12.00
# Visual Studio Version 17
VisualStudioVersion = 17.10.35013.160
MinimumVisualStudioVersion = 10.0.40219.1
Project("{FAE04EC0-301F-11D3-BF4B-00C04F79EFBC}") = "multritrabajos-accounts", "multritrabajos-accounts.csproj", "{08033420-8055-41D8-977B-93A97D3994AA}"
EndProject
Global
	GlobalSection(SolutionConfigurationPlatforms) = preSolution
		Debug|Any CPU = Debug|Any CPU
		Release|Any CPU = Release|Any CPU
	EndGlobalSection
	GlobalSection(ProjectConfigurationPlatforms) = postSolution
		{08033420-8055-41D8-977B-93A97D3994AA}.Debug|Any CPU.ActiveCfg = Debug|Any CPU
		{08033420-8055-41D8-977B-93A97D3994AA}.Debug|Any CPU.Build.0 = Debug|Any CPU
		{08033420-8055-41D8-977B-93A97D3994AA}.Release|Any CPU.ActiveCfg = Release|Any CPU
		{08033420-8055-41D8-977B-93A97D3994AA}.Release|Any CPU.Build.0 = Release|Any CPU
	EndGlobalSection
	GlobalSection(SolutionProperties) = preSolution
		HideSolutionNode = FALSE
	EndGlobalSection
	GlobalSection(ExtensibilityGlobals) = postSolution
		SolutionGuid = {DAB4FCAB-BE17-4ADF-8F51-5D25DEE0D681}
	EndGlobalSection
EndGlobal
